{
  "name": "@saas/auth",
  "version": "0.0.0",
  "lockfileVersion": 3,
  "requires": true,
  "packages": {
    "": {
      "name": "@saas/auth",
      "version": "0.0.0",
      "devDependencies": {
        "@saas/eslint-config": "file:*",
        "@saas/prettier": "file:*",
        "@saas/tsconfig": "file:*"
      }
    },
    "*": {
      "dev": true
    },
    "node_modules/@saas/eslint-config": {
      "resolved": "*",
      "link": true
    },
    "node_modules/@saas/prettier": {
      "resolved": "*",
      "link": true
    },
    "node_modules/@saas/tsconfig": {
      "resolved": "*",
      "link": true
    }
  }
}
